{
  "name": "broker-nlb-cdk",
  "lockfileVersion": 2,
  "requires": true,
  "packages": {
    "": {
      "dependencies": {
        "n": "^8.2.0",
        "stable": "^0.1.8"
      }
    },
    "node_modules/n": {
      "version": "8.2.0",
      "resolved": "https://registry.npmjs.org/n/-/n-8.2.0.tgz",
      "integrity": "sha512-qv+jwJoXaV94C+uASaLS/Qe/iprgvQKe+5hqg6YvUH8mqe5ysgjby875pUVLLWieGFywipEO/J/bgekYbC18Jw==",
      "os": [
        "!win32"
      ],
      "bin": {
        "n": "bin/n"
      },
      "engines": {
        "node": "*"
      }
    },
    "node_modules/stable": {
      "version": "0.1.8",
      "resolved": "https://registry.npmjs.org/stable/-/stable-0.1.8.tgz",
      "integrity": "sha512-ji9qxRnOVfcuLDySj9qzhGSEFVobyt1kIOSkj1qZzYLzq7Tos/oUUWvotUPQLlrsidqsK6tBH89Bc9kL5zHA6w=="
    }
  },
  "dependencies": {
    "n": {
      "version": "8.2.0",
      "resolved": "https://registry.npmjs.org/n/-/n-8.2.0.tgz",
      "integrity": "sha512-qv+jwJoXaV94C+uASaLS/Qe/iprgvQKe+5hqg6YvUH8mqe5ysgjby875pUVLLWieGFywipEO/J/bgekYbC18Jw=="
    },
    "stable": {
      "version": "0.1.8",
      "resolved": "https://registry.npmjs.org/stable/-/stable-0.1.8.tgz",
      "integrity": "sha512-ji9qxRnOVfcuLDySj9qzhGSEFVobyt1kIOSkj1qZzYLzq7Tos/oUUWvotUPQLlrsidqsK6tBH89Bc9kL5zHA6w=="
    }
  }
}
